
Microsoft Visual Studio Solution File, Format Version 12.00
# Visual Studio Version 17
VisualStudioVersion = 17.0.31903.59
MinimumVisualStudioVersion = 10.0.40219.1
Project("{FAE04EC0-301F-11D3-BF4B-00C04F79EFBC}") = "Compressors", "Compressors\Compressors.csproj", "{89F0FC7D-51FE-44A4-9142-67562CCFD1DA}"
EndProject
Project("{FAE04EC0-301F-11D3-BF4B-00C04F79EFBC}") = "Compressors.Benchmarks", "Compressors.Benchmarks\Compressors.Benchmarks.csproj", "{1000837E-00DC-454C-A332-F63A15C4B033}"
EndProject
Project("{FAE04EC0-301F-11D3-BF4B-00C04F79EFBC}") = "Compressors.Tests", "Compressors.Tests\Compressors.Tests.csproj", "{1624F8CC-AF5C-4356-B7BB-D3F807744FBF}"
EndProject
Global
	GlobalSection(SolutionConfigurationPlatforms) = preSolution
		Debug|Any CPU = Debug|Any CPU
		Release|Any CPU = Release|Any CPU
	EndGlobalSection
	GlobalSection(ProjectConfigurationPlatforms) = postSolution
		{89F0FC7D-51FE-44A4-9142-67562CCFD1DA}.Debug|Any CPU.ActiveCfg = Debug|Any CPU
		{89F0FC7D-51FE-44A4-9142-67562CCFD1DA}.Debug|Any CPU.Build.0 = Debug|Any CPU
		{89F0FC7D-51FE-44A4-9142-67562CCFD1DA}.Release|Any CPU.ActiveCfg = Release|Any CPU
		{89F0FC7D-51FE-44A4-9142-67562CCFD1DA}.Release|Any CPU.Build.0 = Release|Any CPU
		{1000837E-00DC-454C-A332-F63A15C4B033}.Debug|Any CPU.ActiveCfg = Debug|Any CPU
		{1000837E-00DC-454C-A332-F63A15C4B033}.Debug|Any CPU.Build.0 = Debug|Any CPU
		{1000837E-00DC-454C-A332-F63A15C4B033}.Release|Any CPU.ActiveCfg = Release|Any CPU
		{1000837E-00DC-454C-A332-F63A15C4B033}.Release|Any CPU.Build.0 = Release|Any CPU
		{1624F8CC-AF5C-4356-B7BB-D3F807744FBF}.Debug|Any CPU.ActiveCfg = Debug|Any CPU
		{1624F8CC-AF5C-4356-B7BB-D3F807744FBF}.Debug|Any CPU.Build.0 = Debug|Any CPU
		{1624F8CC-AF5C-4356-B7BB-D3F807744FBF}.Release|Any CPU.ActiveCfg = Release|Any CPU
		{1624F8CC-AF5C-4356-B7BB-D3F807744FBF}.Release|Any CPU.Build.0 = Release|Any CPU
	EndGlobalSection
	GlobalSection(SolutionProperties) = preSolution
		HideSolutionNode = FALSE
	EndGlobalSection
EndGlobal
